Microsoft Visual Studio Solution File, Format Version 12.00
# Visual Studio Version 16
VisualStudioVersion = 16.0.29920.165
MinimumVisualStudioVersion = 15.0.26124.0

Project("{D954291E-2A0B-460D-934E-DC6B0785DB48}") = "GitHub.UnoPages.Shared", "GitHub.UnoPages.Shared\GitHub.UnoPages.Shared.shproj", "{6279C845-92F8-4333-AB99-3D213163593C}"
EndProject




Project("{9A19103F-16F7-4668-BE54-9A1E7A4F7556}") = "GitHub.UnoPages.Wasm", "GitHub.UnoPages.Wasm\GitHub.UnoPages.Wasm.csproj", "{40EA03F7-8A22-4143-B251-79BAC3EB13D2}"
EndProject





Global
	GlobalSection(SharedMSBuildProjectFiles) = preSolution
		GitHub.UnoPages.Shared\GitHub.UnoPages.Shared.projitems*{c8c6409d-b2e8-4a6f-8e45-e002495214e0}*SharedItemsImports = 4
		GitHub.UnoPages.Shared\GitHub.UnoPages.Shared.projitems*{d83a8f65-9d1f-49e5-858a-40d011732ed0}*SharedItemsImports = 5
		GitHub.UnoPages.Shared\GitHub.UnoPages.Shared.projitems*{bf199c6a-ed9a-4bb5-92ff-f5f37ced8677}*SharedItemsImports = 4
		GitHub.UnoPages.Shared\GitHub.UnoPages.Shared.projitems*{40ea03f7-8a22-4143-b251-79bac3eb13d2}*SharedItemsImports = 5
		GitHub.UnoPages.Shared\GitHub.UnoPages.Shared.projitems*{a5b8155a-118f-4794-b551-c6f3cf7e5411}*SharedItemsImports = 5
		GitHub.UnoPages.Shared\GitHub.UnoPages.Shared.projitems*{c28e8fd7-31f4-4dce-bc8e-589aa6180b82}*SharedItemsImports = 4
		GitHub.UnoPages.Shared\GitHub.UnoPages.Shared.projitems*{6279c845-92f8-4333-ab99-3d213163593c}*SharedItemsImports = 13
		GitHub.UnoPages.Shared\GitHub.UnoPages.Shared.projitems*{d85528bc-ed16-4ceb-b489-55ee00d918e9}*SharedItemsImports = 4
	EndGlobalSection
	GlobalSection(SolutionConfigurationPlatforms) = preSolution
		Debug|Any CPU = Debug|Any CPU
		Debug|ARM = Debug|ARM
		Debug|ARM64 = Debug|ARM64
		Debug|iPhone = Debug|iPhone
		Debug|iPhoneSimulator = Debug|iPhoneSimulator
		Debug|x64 = Debug|x64
		Debug|x86 = Debug|x86
		Release|Any CPU = Release|Any CPU
		Release|ARM = Release|ARM
		Release|ARM64 = Release|ARM64
		Release|iPhone = Release|iPhone
		Release|iPhoneSimulator = Release|iPhoneSimulator
		Release|x64 = Release|x64
		Release|x86 = Release|x86
	EndGlobalSection
	GlobalSection(ProjectConfigurationPlatforms) = postSolution
		{c8c6409d-b2e8-4a6f-8e45-e002495214e0}.Debug|Any CPU.ActiveCfg = Debug|Any CPU
		{c8c6409d-b2e8-4a6f-8e45-e002495214e0}.Debug|Any CPU.Build.0 = Debug|Any CPU
		{c8c6409d-b2e8-4a6f-8e45-e002495214e0}.Debug|Any CPU.Deploy.0 = Debug|Any CPU
		{c8c6409d-b2e8-4a6f-8e45-e002495214e0}.Debug|ARM.ActiveCfg = Debug|Any CPU
		{c8c6409d-b2e8-4a6f-8e45-e002495214e0}.Debug|ARM.Build.0 = Debug|Any CPU
		{c8c6409d-b2e8-4a6f-8e45-e002495214e0}.Debug|ARM.Deploy.0 = Debug|Any CPU
		{c8c6409d-b2e8-4a6f-8e45-e002495214e0}.Debug|ARM64.ActiveCfg = Debug|Any CPU
		{c8c6409d-b2e8-4a6f-8e45-e002495214e0}.Debug|ARM64.Build.0 = Debug|Any CPU
		{c8c6409d-b2e8-4a6f-8e45-e002495214e0}.Debug|ARM64.Deploy.0 = Debug|Any CPU
		{c8c6409d-b2e8-4a6f-8e45-e002495214e0}.Debug|iPhone.ActiveCfg = Debug|Any CPU
		{c8c6409d-b2e8-4a6f-8e45-e002495214e0}.Debug|iPhone.Build.0 = Debug|Any CPU
		{c8c6409d-b2e8-4a6f-8e45-e002495214e0}.Debug|iPhone.Deploy.0 = Debug|Any CPU
		{c8c6409d-b2e8-4a6f-8e45-e002495214e0}.Debug|iPhoneSimulator.ActiveCfg = Debug|Any CPU
		{c8c6409d-b2e8-4a6f-8e45-e002495214e0}.Debug|iPhoneSimulator.Build.0 = Debug|Any CPU
		{c8c6409d-b2e8-4a6f-8e45-e002495214e0}.Debug|iPhoneSimulator.Deploy.0 = Debug|Any CPU
		{c8c6409d-b2e8-4a6f-8e45-e002495214e0}.Debug|x64.ActiveCfg = Debug|Any CPU
		{c8c6409d-b2e8-4a6f-8e45-e002495214e0}.Debug|x64.Build.0 = Debug|Any CPU
		{c8c6409d-b2e8-4a6f-8e45-e002495214e0}.Debug|x64.Deploy.0 = Debug|Any CPU
		{c8c6409d-b2e8-4a6f-8e45-e002495214e0}.Debug|x86.ActiveCfg = Debug|Any CPU
		{c8c6409d-b2e8-4a6f-8e45-e002495214e0}.Debug|x86.Build.0 = Debug|Any CPU
		{c8c6409d-b2e8-4a6f-8e45-e002495214e0}.Debug|x86.Deploy.0 = Debug|Any CPU

		{c8c6409d-b2e8-4a6f-8e45-e002495214e0}.Release|Any CPU.ActiveCfg = Release|Any CPU
		{c8c6409d-b2e8-4a6f-8e45-e002495214e0}.Release|Any CPU.Build.0 = Release|Any CPU
		{c8c6409d-b2e8-4a6f-8e45-e002495214e0}.Release|Any CPU.Deploy.0 = Release|Any CPU
		{c8c6409d-b2e8-4a6f-8e45-e002495214e0}.Release|ARM.ActiveCfg = Release|Any CPU
		{c8c6409d-b2e8-4a6f-8e45-e002495214e0}.Release|ARM.Build.0 = Release|Any CPU
		{c8c6409d-b2e8-4a6f-8e45-e002495214e0}.Release|ARM.Deploy.0 = Release|Any CPU
		{c8c6409d-b2e8-4a6f-8e45-e002495214e0}.Release|ARM64.ActiveCfg = Release|Any CPU
		{c8c6409d-b2e8-4a6f-8e45-e002495214e0}.Release|ARM64.Build.0 = Release|Any CPU
		{c8c6409d-b2e8-4a6f-8e45-e002495214e0}.Release|ARM64.Deploy.0 = Release|Any CPU
		{c8c6409d-b2e8-4a6f-8e45-e002495214e0}.Release|iPhone.ActiveCfg = Release|Any CPU
		{c8c6409d-b2e8-4a6f-8e45-e002495214e0}.Release|iPhone.Build.0 = Release|Any CPU
		{c8c6409d-b2e8-4a6f-8e45-e002495214e0}.Release|iPhone.Deploy.0 = Release|Any CPU
		{c8c6409d-b2e8-4a6f-8e45-e002495214e0}.Release|iPhoneSimulator.ActiveCfg = Release|Any CPU
		{c8c6409d-b2e8-4a6f-8e45-e002495214e0}.Release|iPhoneSimulator.Build.0 = Release|Any CPU
		{c8c6409d-b2e8-4a6f-8e45-e002495214e0}.Release|iPhoneSimulator.Deploy.0 = Release|Any CPU
		{c8c6409d-b2e8-4a6f-8e45-e002495214e0}.Release|x64.ActiveCfg = Release|Any CPU
		{c8c6409d-b2e8-4a6f-8e45-e002495214e0}.Release|x64.Build.0 = Release|Any CPU
		{c8c6409d-b2e8-4a6f-8e45-e002495214e0}.Release|x64.Deploy.0 = Release|Any CPU
		{c8c6409d-b2e8-4a6f-8e45-e002495214e0}.Release|x86.ActiveCfg = Release|Any CPU
		{c8c6409d-b2e8-4a6f-8e45-e002495214e0}.Release|x86.Build.0 = Release|Any CPU
		{c8c6409d-b2e8-4a6f-8e45-e002495214e0}.Release|x86.Deploy.0 = Release|Any CPU
		{c28e8fd7-31f4-4dce-bc8e-589aa6180b82}.Debug|Any CPU.ActiveCfg = Debug|iPhone
		{c28e8fd7-31f4-4dce-bc8e-589aa6180b82}.Debug|Any CPU.Build.0 = Debug|iPhone
		{c28e8fd7-31f4-4dce-bc8e-589aa6180b82}.Debug|Any CPU.Deploy.0 = Debug|iPhone
		{c28e8fd7-31f4-4dce-bc8e-589aa6180b82}.Debug|ARM.ActiveCfg = Debug|iPhone
		{c28e8fd7-31f4-4dce-bc8e-589aa6180b82}.Debug|ARM64.ActiveCfg = Debug|iPhone
		{c28e8fd7-31f4-4dce-bc8e-589aa6180b82}.Debug|iPhone.ActiveCfg = Debug|iPhone
		{c28e8fd7-31f4-4dce-bc8e-589aa6180b82}.Debug|iPhone.Build.0 = Debug|iPhone
		{c28e8fd7-31f4-4dce-bc8e-589aa6180b82}.Debug|iPhoneSimulator.ActiveCfg = Debug|iPhoneSimulator
		{c28e8fd7-31f4-4dce-bc8e-589aa6180b82}.Debug|iPhoneSimulator.Build.0 = Debug|iPhoneSimulator
		{c28e8fd7-31f4-4dce-bc8e-589aa6180b82}.Debug|x64.ActiveCfg = Debug|iPhone
		{c28e8fd7-31f4-4dce-bc8e-589aa6180b82}.Debug|x64.Build.0 = Debug|iPhone
		{c28e8fd7-31f4-4dce-bc8e-589aa6180b82}.Debug|x64.Deploy.0 = Debug|iPhone
		{c28e8fd7-31f4-4dce-bc8e-589aa6180b82}.Debug|x86.ActiveCfg = Debug|iPhoneSimulator
		{c28e8fd7-31f4-4dce-bc8e-589aa6180b82}.Debug|x86.Build.0 = Debug|iPhoneSimulator
		{c28e8fd7-31f4-4dce-bc8e-589aa6180b82}.Debug|x86.Deploy.0 = Debug|iPhoneSimulator
		{c28e8fd7-31f4-4dce-bc8e-589aa6180b82}.Release|Any CPU.ActiveCfg = Release|iPhone
		{c28e8fd7-31f4-4dce-bc8e-589aa6180b82}.Release|ARM.ActiveCfg = Release|iPhone
		{c28e8fd7-31f4-4dce-bc8e-589aa6180b82}.Release|ARM64.ActiveCfg = Release|iPhone
		{c28e8fd7-31f4-4dce-bc8e-589aa6180b82}.Release|iPhone.ActiveCfg = Release|iPhone
		{c28e8fd7-31f4-4dce-bc8e-589aa6180b82}.Release|iPhone.Build.0 = Release|iPhone
		{c28e8fd7-31f4-4dce-bc8e-589aa6180b82}.Release|iPhoneSimulator.ActiveCfg = Release|iPhoneSimulator
		{c28e8fd7-31f4-4dce-bc8e-589aa6180b82}.Release|iPhoneSimulator.Build.0 = Release|iPhoneSimulator
		{c28e8fd7-31f4-4dce-bc8e-589aa6180b82}.Release|x64.ActiveCfg = Release|iPhoneSimulator
		{c28e8fd7-31f4-4dce-bc8e-589aa6180b82}.Release|x64.Build.0 = Release|iPhoneSimulator
		{c28e8fd7-31f4-4dce-bc8e-589aa6180b82}.Release|x64.Deploy.0 = Release|iPhoneSimulator
		{c28e8fd7-31f4-4dce-bc8e-589aa6180b82}.Release|x86.ActiveCfg = Release|iPhoneSimulator
		{c28e8fd7-31f4-4dce-bc8e-589aa6180b82}.Release|x86.Build.0 = Release|iPhoneSimulator

		{d85528bc-ed16-4ceb-b489-55ee00d918e9}.Debug|Any CPU.ActiveCfg = Debug|x86
		{d85528bc-ed16-4ceb-b489-55ee00d918e9}.Debug|Any CPU.Build.0 = Debug|x86
		{d85528bc-ed16-4ceb-b489-55ee00d918e9}.Debug|Any CPU.Deploy.0 = Debug|x86
		{d85528bc-ed16-4ceb-b489-55ee00d918e9}.Debug|ARM.ActiveCfg = Debug|ARM
		{d85528bc-ed16-4ceb-b489-55ee00d918e9}.Debug|ARM.Build.0 = Debug|ARM
		{d85528bc-ed16-4ceb-b489-55ee00d918e9}.Debug|ARM.Deploy.0 = Debug|ARM
		{d85528bc-ed16-4ceb-b489-55ee00d918e9}.Debug|ARM64.ActiveCfg = Debug|ARM64
		{d85528bc-ed16-4ceb-b489-55ee00d918e9}.Debug|ARM64.Build.0 = Debug|ARM64
		{d85528bc-ed16-4ceb-b489-55ee00d918e9}.Debug|ARM64.Deploy.0 = Debug|ARM64
		{d85528bc-ed16-4ceb-b489-55ee00d918e9}.Debug|iPhone.ActiveCfg = Debug|x86
		{d85528bc-ed16-4ceb-b489-55ee00d918e9}.Debug|iPhone.Build.0 = Debug|x86
		{d85528bc-ed16-4ceb-b489-55ee00d918e9}.Debug|iPhone.Deploy.0 = Debug|x86
		{d85528bc-ed16-4ceb-b489-55ee00d918e9}.Debug|iPhoneSimulator.ActiveCfg = Debug|x86
		{d85528bc-ed16-4ceb-b489-55ee00d918e9}.Debug|iPhoneSimulator.Build.0 = Debug|x86
		{d85528bc-ed16-4ceb-b489-55ee00d918e9}.Debug|iPhoneSimulator.Deploy.0 = Debug|x86
		{d85528bc-ed16-4ceb-b489-55ee00d918e9}.Debug|x64.ActiveCfg = Debug|x64
		{d85528bc-ed16-4ceb-b489-55ee00d918e9}.Debug|x64.Build.0 = Debug|x64
		{d85528bc-ed16-4ceb-b489-55ee00d918e9}.Debug|x64.Deploy.0 = Debug|x64
		{d85528bc-ed16-4ceb-b489-55ee00d918e9}.Debug|x86.ActiveCfg = Debug|x86
		{d85528bc-ed16-4ceb-b489-55ee00d918e9}.Debug|x86.Build.0 = Debug|x86
		{d85528bc-ed16-4ceb-b489-55ee00d918e9}.Debug|x86.Deploy.0 = Debug|x86
		{d85528bc-ed16-4ceb-b489-55ee00d918e9}.Release|Any CPU.ActiveCfg = Release|x86
		{d85528bc-ed16-4ceb-b489-55ee00d918e9}.Release|ARM.ActiveCfg = Release|ARM
		{d85528bc-ed16-4ceb-b489-55ee00d918e9}.Release|ARM.Build.0 = Release|ARM
		{d85528bc-ed16-4ceb-b489-55ee00d918e9}.Release|ARM.Deploy.0 = Release|ARM
		{d85528bc-ed16-4ceb-b489-55ee00d918e9}.Release|ARM64.ActiveCfg = Release|ARM64
		{d85528bc-ed16-4ceb-b489-55ee00d918e9}.Release|ARM64.Build.0 = Release|ARM64
		{d85528bc-ed16-4ceb-b489-55ee00d918e9}.Release|ARM64.Deploy.0 = Release|ARM64
		{d85528bc-ed16-4ceb-b489-55ee00d918e9}.Release|iPhone.ActiveCfg = Release|x86
		{d85528bc-ed16-4ceb-b489-55ee00d918e9}.Release|iPhone.Build.0 = Release|x86
		{d85528bc-ed16-4ceb-b489-55ee00d918e9}.Release|iPhoneSimulator.ActiveCfg = Release|x86
		{d85528bc-ed16-4ceb-b489-55ee00d918e9}.Release|iPhoneSimulator.Build.0 = Release|x86
		{d85528bc-ed16-4ceb-b489-55ee00d918e9}.Release|iPhoneSimulator.Deploy.0 = Release|x86
		{d85528bc-ed16-4ceb-b489-55ee00d918e9}.Release|x64.ActiveCfg = Release|x64
		{d85528bc-ed16-4ceb-b489-55ee00d918e9}.Release|x64.Build.0 = Release|x64
		{d85528bc-ed16-4ceb-b489-55ee00d918e9}.Release|x64.Deploy.0 = Release|x64
		{d85528bc-ed16-4ceb-b489-55ee00d918e9}.Release|x86.ActiveCfg = Release|x86
		{d85528bc-ed16-4ceb-b489-55ee00d918e9}.Release|x86.Build.0 = Release|x86
		{d85528bc-ed16-4ceb-b489-55ee00d918e9}.Release|x86.Deploy.0 = Release|x86

		{d83a8f65-9d1f-49e5-858a-40d011732ed0}.Debug|Any CPU.ActiveCfg = Debug|Any CPU
		{d83a8f65-9d1f-49e5-858a-40d011732ed0}.Debug|Any CPU.Build.0 = Debug|Any CPU
		{d83a8f65-9d1f-49e5-858a-40d011732ed0}.Debug|Any CPU.Deploy.0 = Debug|Any CPU
		{d83a8f65-9d1f-49e5-858a-40d011732ed0}.Debug|ARM.ActiveCfg = Debug|ARM
		{d83a8f65-9d1f-49e5-858a-40d011732ed0}.Debug|ARM.Build.0 = Debug|ARM
		{d83a8f65-9d1f-49e5-858a-40d011732ed0}.Debug|ARM.Deploy.0 = Debug|ARM
		{d83a8f65-9d1f-49e5-858a-40d011732ed0}.Debug|ARM64.ActiveCfg = Debug|ARM64
		{d83a8f65-9d1f-49e5-858a-40d011732ed0}.Debug|ARM64.Build.0 = Debug|ARM64
		{d83a8f65-9d1f-49e5-858a-40d011732ed0}.Debug|ARM64.Deploy.0 = Debug|ARM64
		{d83a8f65-9d1f-49e5-858a-40d011732ed0}.Debug|iPhone.ActiveCfg = Debug|x86
		{d83a8f65-9d1f-49e5-858a-40d011732ed0}.Debug|iPhone.Build.0 = Debug|x86
		{d83a8f65-9d1f-49e5-858a-40d011732ed0}.Debug|iPhone.Deploy.0 = Debug|x86
		{d83a8f65-9d1f-49e5-858a-40d011732ed0}.Debug|iPhoneSimulator.ActiveCfg = Debug|x86
		{d83a8f65-9d1f-49e5-858a-40d011732ed0}.Debug|iPhoneSimulator.Build.0 = Debug|x86
		{d83a8f65-9d1f-49e5-858a-40d011732ed0}.Debug|iPhoneSimulator.Deploy.0 = Debug|x86
		{d83a8f65-9d1f-49e5-858a-40d011732ed0}.Debug|x64.ActiveCfg = Debug|x64
		{d83a8f65-9d1f-49e5-858a-40d011732ed0}.Debug|x64.Build.0 = Debug|x64
		{d83a8f65-9d1f-49e5-858a-40d011732ed0}.Debug|x64.Deploy.0 = Debug|x64
		{d83a8f65-9d1f-49e5-858a-40d011732ed0}.Debug|x86.ActiveCfg = Debug|x86
		{d83a8f65-9d1f-49e5-858a-40d011732ed0}.Debug|x86.Build.0 = Debug|x86
		{d83a8f65-9d1f-49e5-858a-40d011732ed0}.Debug|x86.Deploy.0 = Debug|x86
		{d83a8f65-9d1f-49e5-858a-40d011732ed0}.Release|Any CPU.ActiveCfg = Release|x86
		{d83a8f65-9d1f-49e5-858a-40d011732ed0}.Release|ARM.ActiveCfg = Release|ARM
		{d83a8f65-9d1f-49e5-858a-40d011732ed0}.Release|ARM.Build.0 = Release|ARM
		{d83a8f65-9d1f-49e5-858a-40d011732ed0}.Release|ARM.Deploy.0 = Release|ARM
		{d83a8f65-9d1f-49e5-858a-40d011732ed0}.Release|ARM64.ActiveCfg = Release|ARM64
		{d83a8f65-9d1f-49e5-858a-40d011732ed0}.Release|ARM64.Build.0 = Release|ARM64
		{d83a8f65-9d1f-49e5-858a-40d011732ed0}.Release|ARM64.Deploy.0 = Release|ARM64
		{d83a8f65-9d1f-49e5-858a-40d011732ed0}.Release|iPhone.ActiveCfg = Release|x86
		{d83a8f65-9d1f-49e5-858a-40d011732ed0}.Release|iPhone.Build.0 = Release|x86
		{d83a8f65-9d1f-49e5-858a-40d011732ed0}.Release|iPhoneSimulator.ActiveCfg = Release|x86
		{d83a8f65-9d1f-49e5-858a-40d011732ed0}.Release|iPhoneSimulator.Build.0 = Release|x86
		{d83a8f65-9d1f-49e5-858a-40d011732ed0}.Release|iPhoneSimulator.Deploy.0 = Release|x86
		{d83a8f65-9d1f-49e5-858a-40d011732ed0}.Release|x64.ActiveCfg = Release|x64
		{d83a8f65-9d1f-49e5-858a-40d011732ed0}.Release|x64.Build.0 = Release|x64
		{d83a8f65-9d1f-49e5-858a-40d011732ed0}.Release|x64.Deploy.0 = Release|x64
		{d83a8f65-9d1f-49e5-858a-40d011732ed0}.Release|x86.ActiveCfg = Release|x86
		{d83a8f65-9d1f-49e5-858a-40d011732ed0}.Release|x86.Build.0 = Release|x86
		{d83a8f65-9d1f-49e5-858a-40d011732ed0}.Release|x86.Deploy.0 = Release|x86

		{d83a8f65-9d1f-49e5-858a-40d011732ed0}.Debug|Any CPU.ActiveCfg = Debug|Any CPU
		{d83a8f65-9d1f-49e5-858a-40d011732ed0}.Debug|Any CPU.Build.0 = Debug|Any CPU
		{d83a8f65-9d1f-49e5-858a-40d011732ed0}.Debug|ARM.ActiveCfg = Debug|Any CPU
		{d83a8f65-9d1f-49e5-858a-40d011732ed0}.Debug|ARM.Build.0 = Debug|Any CPU
		{d83a8f65-9d1f-49e5-858a-40d011732ed0}.Debug|ARM64.ActiveCfg = Debug|Any CPU
		{d83a8f65-9d1f-49e5-858a-40d011732ed0}.Debug|ARM64.Build.0 = Debug|Any CPU
		{d83a8f65-9d1f-49e5-858a-40d011732ed0}.Debug|iPhone.ActiveCfg = Debug|Any CPU
		{d83a8f65-9d1f-49e5-858a-40d011732ed0}.Debug|iPhone.Build.0 = Debug|Any CPU
		{d83a8f65-9d1f-49e5-858a-40d011732ed0}.Debug|iPhoneSimulator.ActiveCfg = Debug|Any CPU
		{d83a8f65-9d1f-49e5-858a-40d011732ed0}.Debug|iPhoneSimulator.Build.0 = Debug|Any CPU
		{d83a8f65-9d1f-49e5-858a-40d011732ed0}.Debug|x64.ActiveCfg = Debug|Any CPU
		{d83a8f65-9d1f-49e5-858a-40d011732ed0}.Debug|x64.Build.0 = Debug|Any CPU
		{d83a8f65-9d1f-49e5-858a-40d011732ed0}.Debug|x86.ActiveCfg = Debug|Any CPU
		{d83a8f65-9d1f-49e5-858a-40d011732ed0}.Debug|x86.Build.0 = Debug|Any CPU
		{d83a8f65-9d1f-49e5-858a-40d011732ed0}.Release|Any CPU.ActiveCfg = Release|Any CPU
		{d83a8f65-9d1f-49e5-858a-40d011732ed0}.Release|Any CPU.Build.0 = Release|Any CPU
		{d83a8f65-9d1f-49e5-858a-40d011732ed0}.Release|ARM.ActiveCfg = Release|Any CPU
		{d83a8f65-9d1f-49e5-858a-40d011732ed0}.Release|ARM.Build.0 = Release|Any CPU
		{d83a8f65-9d1f-49e5-858a-40d011732ed0}.Release|ARM64.ActiveCfg = Release|Any CPU
		{d83a8f65-9d1f-49e5-858a-40d011732ed0}.Release|ARM64.Build.0 = Release|Any CPU
		{d83a8f65-9d1f-49e5-858a-40d011732ed0}.Release|iPhone.ActiveCfg = Release|Any CPU
		{d83a8f65-9d1f-49e5-858a-40d011732ed0}.Release|iPhone.Build.0 = Release|Any CPU
		{d83a8f65-9d1f-49e5-858a-40d011732ed0}.Release|iPhoneSimulator.ActiveCfg = Release|Any CPU
		{d83a8f65-9d1f-49e5-858a-40d011732ed0}.Release|iPhoneSimulator.Build.0 = Release|Any CPU
		{d83a8f65-9d1f-49e5-858a-40d011732ed0}.Release|x64.ActiveCfg = Release|Any CPU
		{d83a8f65-9d1f-49e5-858a-40d011732ed0}.Release|x64.Build.0 = Release|Any CPU
		{d83a8f65-9d1f-49e5-858a-40d011732ed0}.Release|x86.ActiveCfg = Release|Any CPU
		{d83a8f65-9d1f-49e5-858a-40d011732ed0}.Release|x86.Build.0 = Release|Any CPU

		{A5B8155A-118F-4794-B551-C6F3CF7E5411}.Debug|Any CPU.ActiveCfg = Debug|Any CPU
		{A5B8155A-118F-4794-B551-C6F3CF7E5411}.Debug|Any CPU.Build.0 = Debug|Any CPU
		{A5B8155A-118F-4794-B551-C6F3CF7E5411}.Debug|ARM.ActiveCfg = Debug|Any CPU
		{A5B8155A-118F-4794-B551-C6F3CF7E5411}.Debug|ARM.Build.0 = Debug|Any CPU
		{A5B8155A-118F-4794-B551-C6F3CF7E5411}.Debug|ARM64.ActiveCfg = Debug|Any CPU
		{A5B8155A-118F-4794-B551-C6F3CF7E5411}.Debug|ARM64.Build.0 = Debug|Any CPU
		{A5B8155A-118F-4794-B551-C6F3CF7E5411}.Debug|iPhone.ActiveCfg = Debug|Any CPU
		{A5B8155A-118F-4794-B551-C6F3CF7E5411}.Debug|iPhone.Build.0 = Debug|Any CPU
		{A5B8155A-118F-4794-B551-C6F3CF7E5411}.Debug|iPhoneSimulator.ActiveCfg = Debug|Any CPU
		{A5B8155A-118F-4794-B551-C6F3CF7E5411}.Debug|iPhoneSimulator.Build.0 = Debug|Any CPU
		{A5B8155A-118F-4794-B551-C6F3CF7E5411}.Debug|x64.ActiveCfg = Debug|Any CPU
		{A5B8155A-118F-4794-B551-C6F3CF7E5411}.Debug|x64.Build.0 = Debug|Any CPU
		{A5B8155A-118F-4794-B551-C6F3CF7E5411}.Debug|x86.ActiveCfg = Debug|Any CPU
		{A5B8155A-118F-4794-B551-C6F3CF7E5411}.Debug|x86.Build.0 = Debug|Any CPU
		{A5B8155A-118F-4794-B551-C6F3CF7E5411}.Release|Any CPU.ActiveCfg = Release|Any CPU
		{A5B8155A-118F-4794-B551-C6F3CF7E5411}.Release|Any CPU.Build.0 = Release|Any CPU
		{A5B8155A-118F-4794-B551-C6F3CF7E5411}.Release|ARM.ActiveCfg = Release|Any CPU
		{A5B8155A-118F-4794-B551-C6F3CF7E5411}.Release|ARM.Build.0 = Release|Any CPU
		{A5B8155A-118F-4794-B551-C6F3CF7E5411}.Release|ARM64.ActiveCfg = Release|Any CPU
		{A5B8155A-118F-4794-B551-C6F3CF7E5411}.Release|ARM64.Build.0 = Release|Any CPU
		{A5B8155A-118F-4794-B551-C6F3CF7E5411}.Release|iPhone.ActiveCfg = Release|Any CPU
		{A5B8155A-118F-4794-B551-C6F3CF7E5411}.Release|iPhone.Build.0 = Release|Any CPU
		{A5B8155A-118F-4794-B551-C6F3CF7E5411}.Release|iPhoneSimulator.ActiveCfg = Release|Any CPU
		{A5B8155A-118F-4794-B551-C6F3CF7E5411}.Release|iPhoneSimulator.Build.0 = Release|Any CPU
		{A5B8155A-118F-4794-B551-C6F3CF7E5411}.Release|x64.ActiveCfg = Release|Any CPU
		{A5B8155A-118F-4794-B551-C6F3CF7E5411}.Release|x64.Build.0 = Release|Any CPU
		{A5B8155A-118F-4794-B551-C6F3CF7E5411}.Release|x86.ActiveCfg = Release|Any CPU
		{A5B8155A-118F-4794-B551-C6F3CF7E5411}.Release|x86.Build.0 = Release|Any CPU

		{9AED22A6-77DC-4799-BAE7-5F26F2070BD2}.Debug|Any CPU.ActiveCfg = Debug|Any CPU
		{9AED22A6-77DC-4799-BAE7-5F26F2070BD2}.Debug|Any CPU.Build.0 = Debug|Any CPU
		{9AED22A6-77DC-4799-BAE7-5F26F2070BD2}.Debug|ARM.ActiveCfg = Debug|Any CPU
		{9AED22A6-77DC-4799-BAE7-5F26F2070BD2}.Debug|ARM.Build.0 = Debug|Any CPU
		{9AED22A6-77DC-4799-BAE7-5F26F2070BD2}.Debug|ARM64.ActiveCfg = Debug|Any CPU
		{9AED22A6-77DC-4799-BAE7-5F26F2070BD2}.Debug|ARM64.Build.0 = Debug|Any CPU
		{9AED22A6-77DC-4799-BAE7-5F26F2070BD2}.Debug|iPhone.ActiveCfg = Debug|Any CPU
		{9AED22A6-77DC-4799-BAE7-5F26F2070BD2}.Debug|iPhone.Build.0 = Debug|Any CPU
		{9AED22A6-77DC-4799-BAE7-5F26F2070BD2}.Debug|iPhoneSimulator.ActiveCfg = Debug|Any CPU
		{9AED22A6-77DC-4799-BAE7-5F26F2070BD2}.Debug|iPhoneSimulator.Build.0 = Debug|Any CPU
		{9AED22A6-77DC-4799-BAE7-5F26F2070BD2}.Debug|x64.ActiveCfg = Debug|Any CPU
		{9AED22A6-77DC-4799-BAE7-5F26F2070BD2}.Debug|x64.Build.0 = Debug|Any CPU
		{9AED22A6-77DC-4799-BAE7-5F26F2070BD2}.Debug|x86.ActiveCfg = Debug|Any CPU
		{9AED22A6-77DC-4799-BAE7-5F26F2070BD2}.Debug|x86.Build.0 = Debug|Any CPU
		{9AED22A6-77DC-4799-BAE7-5F26F2070BD2}.Release|Any CPU.ActiveCfg = Release|Any CPU
		{9AED22A6-77DC-4799-BAE7-5F26F2070BD2}.Release|Any CPU.Build.0 = Release|Any CPU
		{9AED22A6-77DC-4799-BAE7-5F26F2070BD2}.Release|ARM.ActiveCfg = Release|Any CPU
		{9AED22A6-77DC-4799-BAE7-5F26F2070BD2}.Release|ARM.Build.0 = Release|Any CPU
		{9AED22A6-77DC-4799-BAE7-5F26F2070BD2}.Release|ARM64.ActiveCfg = Release|Any CPU
		{9AED22A6-77DC-4799-BAE7-5F26F2070BD2}.Release|ARM64.Build.0 = Release|Any CPU
		{9AED22A6-77DC-4799-BAE7-5F26F2070BD2}.Release|iPhone.ActiveCfg = Release|Any CPU
		{9AED22A6-77DC-4799-BAE7-5F26F2070BD2}.Release|iPhone.Build.0 = Release|Any CPU
		{9AED22A6-77DC-4799-BAE7-5F26F2070BD2}.Release|iPhoneSimulator.ActiveCfg = Release|Any CPU
		{9AED22A6-77DC-4799-BAE7-5F26F2070BD2}.Release|iPhoneSimulator.Build.0 = Release|Any CPU
		{9AED22A6-77DC-4799-BAE7-5F26F2070BD2}.Release|x64.ActiveCfg = Release|Any CPU
		{9AED22A6-77DC-4799-BAE7-5F26F2070BD2}.Release|x64.Build.0 = Release|Any CPU
		{9AED22A6-77DC-4799-BAE7-5F26F2070BD2}.Release|x86.ActiveCfg = Release|Any CPU
		{9AED22A6-77DC-4799-BAE7-5F26F2070BD2}.Release|x86.Build.0 = Release|Any CPU

		{6CF284A4-22B1-4F05-97F4-F095C07A598E}.Debug|Any CPU.ActiveCfg = Debug|Any CPU
		{6CF284A4-22B1-4F05-97F4-F095C07A598E}.Debug|Any CPU.Build.0 = Debug|Any CPU
		{6CF284A4-22B1-4F05-97F4-F095C07A598E}.Debug|ARM.ActiveCfg = Debug|Any CPU
		{6CF284A4-22B1-4F05-97F4-F095C07A598E}.Debug|ARM.Build.0 = Debug|Any CPU
		{6CF284A4-22B1-4F05-97F4-F095C07A598E}.Debug|ARM64.ActiveCfg = Debug|Any CPU
		{6CF284A4-22B1-4F05-97F4-F095C07A598E}.Debug|ARM64.Build.0 = Debug|Any CPU
		{6CF284A4-22B1-4F05-97F4-F095C07A598E}.Debug|iPhone.ActiveCfg = Debug|Any CPU
		{6CF284A4-22B1-4F05-97F4-F095C07A598E}.Debug|iPhone.Build.0 = Debug|Any CPU
		{6CF284A4-22B1-4F05-97F4-F095C07A598E}.Debug|iPhoneSimulator.ActiveCfg = Debug|Any CPU
		{6CF284A4-22B1-4F05-97F4-F095C07A598E}.Debug|iPhoneSimulator.Build.0 = Debug|Any CPU
		{6CF284A4-22B1-4F05-97F4-F095C07A598E}.Debug|x64.ActiveCfg = Debug|Any CPU
		{6CF284A4-22B1-4F05-97F4-F095C07A598E}.Debug|x64.Build.0 = Debug|Any CPU
		{6CF284A4-22B1-4F05-97F4-F095C07A598E}.Debug|x86.ActiveCfg = Debug|Any CPU
		{6CF284A4-22B1-4F05-97F4-F095C07A598E}.Debug|x86.Build.0 = Debug|Any CPU
		{6CF284A4-22B1-4F05-97F4-F095C07A598E}.Release|Any CPU.ActiveCfg = Release|Any CPU
		{6CF284A4-22B1-4F05-97F4-F095C07A598E}.Release|Any CPU.Build.0 = Release|Any CPU
		{6CF284A4-22B1-4F05-97F4-F095C07A598E}.Release|ARM.ActiveCfg = Release|Any CPU
		{6CF284A4-22B1-4F05-97F4-F095C07A598E}.Release|ARM.Build.0 = Release|Any CPU
		{6CF284A4-22B1-4F05-97F4-F095C07A598E}.Release|ARM64.ActiveCfg = Release|Any CPU
		{6CF284A4-22B1-4F05-97F4-F095C07A598E}.Release|ARM64.Build.0 = Release|Any CPU
		{6CF284A4-22B1-4F05-97F4-F095C07A598E}.Release|iPhone.ActiveCfg = Release|Any CPU
		{6CF284A4-22B1-4F05-97F4-F095C07A598E}.Release|iPhone.Build.0 = Release|Any CPU
		{6CF284A4-22B1-4F05-97F4-F095C07A598E}.Release|iPhoneSimulator.ActiveCfg = Release|Any CPU
		{6CF284A4-22B1-4F05-97F4-F095C07A598E}.Release|iPhoneSimulator.Build.0 = Release|Any CPU
		{6CF284A4-22B1-4F05-97F4-F095C07A598E}.Release|x64.ActiveCfg = Release|Any CPU
		{6CF284A4-22B1-4F05-97F4-F095C07A598E}.Release|x64.Build.0 = Release|Any CPU
		{6CF284A4-22B1-4F05-97F4-F095C07A598E}.Release|x86.ActiveCfg = Release|Any CPU
		{6CF284A4-22B1-4F05-97F4-F095C07A598E}.Release|x86.Build.0 = Release|Any CPU

		{40EA03F7-8A22-4143-B251-79BAC3EB13D2}.Debug|Any CPU.ActiveCfg = Debug|Any CPU
		{40EA03F7-8A22-4143-B251-79BAC3EB13D2}.Debug|Any CPU.Build.0 = Debug|Any CPU
		{40EA03F7-8A22-4143-B251-79BAC3EB13D2}.Debug|ARM.ActiveCfg = Debug|Any CPU
		{40EA03F7-8A22-4143-B251-79BAC3EB13D2}.Debug|ARM.Build.0 = Debug|Any CPU
		{40EA03F7-8A22-4143-B251-79BAC3EB13D2}.Debug|ARM64.ActiveCfg = Debug|Any CPU
		{40EA03F7-8A22-4143-B251-79BAC3EB13D2}.Debug|ARM64.Build.0 = Debug|Any CPU
		{40EA03F7-8A22-4143-B251-79BAC3EB13D2}.Debug|iPhone.ActiveCfg = Debug|Any CPU
		{40EA03F7-8A22-4143-B251-79BAC3EB13D2}.Debug|iPhone.Build.0 = Debug|Any CPU
		{40EA03F7-8A22-4143-B251-79BAC3EB13D2}.Debug|iPhoneSimulator.ActiveCfg = Debug|Any CPU
		{40EA03F7-8A22-4143-B251-79BAC3EB13D2}.Debug|iPhoneSimulator.Build.0 = Debug|Any CPU
		{40EA03F7-8A22-4143-B251-79BAC3EB13D2}.Debug|x64.ActiveCfg = Debug|Any CPU
		{40EA03F7-8A22-4143-B251-79BAC3EB13D2}.Debug|x64.Build.0 = Debug|Any CPU
		{40EA03F7-8A22-4143-B251-79BAC3EB13D2}.Debug|x86.ActiveCfg = Debug|Any CPU
		{40EA03F7-8A22-4143-B251-79BAC3EB13D2}.Debug|x86.Build.0 = Debug|Any CPU
		{40EA03F7-8A22-4143-B251-79BAC3EB13D2}.Release|Any CPU.ActiveCfg = Release|Any CPU
		{40EA03F7-8A22-4143-B251-79BAC3EB13D2}.Release|Any CPU.Build.0 = Release|Any CPU
		{40EA03F7-8A22-4143-B251-79BAC3EB13D2}.Release|ARM.ActiveCfg = Release|Any CPU
		{40EA03F7-8A22-4143-B251-79BAC3EB13D2}.Release|ARM.Build.0 = Release|Any CPU
		{40EA03F7-8A22-4143-B251-79BAC3EB13D2}.Release|ARM64.ActiveCfg = Release|Any CPU
		{40EA03F7-8A22-4143-B251-79BAC3EB13D2}.Release|ARM64.Build.0 = Release|Any CPU
		{40EA03F7-8A22-4143-B251-79BAC3EB13D2}.Release|iPhone.ActiveCfg = Release|Any CPU
		{40EA03F7-8A22-4143-B251-79BAC3EB13D2}.Release|iPhone.Build.0 = Release|Any CPU
		{40EA03F7-8A22-4143-B251-79BAC3EB13D2}.Release|iPhoneSimulator.ActiveCfg = Release|Any CPU
		{40EA03F7-8A22-4143-B251-79BAC3EB13D2}.Release|iPhoneSimulator.Build.0 = Release|Any CPU
		{40EA03F7-8A22-4143-B251-79BAC3EB13D2}.Release|x64.ActiveCfg = Release|Any CPU
		{40EA03F7-8A22-4143-B251-79BAC3EB13D2}.Release|x64.Build.0 = Release|Any CPU
		{40EA03F7-8A22-4143-B251-79BAC3EB13D2}.Release|x86.ActiveCfg = Release|Any CPU
		{40EA03F7-8A22-4143-B251-79BAC3EB13D2}.Release|x86.Build.0 = Release|Any CPU
		{bf199c6a-ed9a-4bb5-92ff-f5f37ced8677}.Debug|Any CPU.ActiveCfg = Debug|iPhoneSimulator
		{bf199c6a-ed9a-4bb5-92ff-f5f37ced8677}.Debug|Any CPU.Build.0 = Debug|iPhoneSimulator
		{bf199c6a-ed9a-4bb5-92ff-f5f37ced8677}.Debug|ARM.ActiveCfg = Debug|iPhoneSimulator
		{bf199c6a-ed9a-4bb5-92ff-f5f37ced8677}.Debug|ARM64.ActiveCfg = Debug|iPhoneSimulator
		{bf199c6a-ed9a-4bb5-92ff-f5f37ced8677}.Debug|iPhone.ActiveCfg = Debug|iPhoneSimulator
		{bf199c6a-ed9a-4bb5-92ff-f5f37ced8677}.Debug|iPhone.Build.0 = Debug|iPhoneSimulator
		{bf199c6a-ed9a-4bb5-92ff-f5f37ced8677}.Debug|iPhoneSimulator.ActiveCfg = Debug|iPhoneSimulator
		{bf199c6a-ed9a-4bb5-92ff-f5f37ced8677}.Debug|iPhoneSimulator.Build.0 = Debug|iPhoneSimulator
		{bf199c6a-ed9a-4bb5-92ff-f5f37ced8677}.Debug|x64.ActiveCfg = Debug|iPhoneSimulator
		{bf199c6a-ed9a-4bb5-92ff-f5f37ced8677}.Debug|x64.Build.0 = Debug|iPhoneSimulator
		{bf199c6a-ed9a-4bb5-92ff-f5f37ced8677}.Debug|x86.ActiveCfg = Debug|iPhoneSimulator
		{bf199c6a-ed9a-4bb5-92ff-f5f37ced8677}.Debug|x86.Build.0 = Debug|iPhoneSimulator
		{bf199c6a-ed9a-4bb5-92ff-f5f37ced8677}.Release|Any CPU.ActiveCfg = Release|iPhoneSimulator
		{bf199c6a-ed9a-4bb5-92ff-f5f37ced8677}.Release|ARM.ActiveCfg = Release|iPhoneSimulator
		{bf199c6a-ed9a-4bb5-92ff-f5f37ced8677}.Release|ARM64.ActiveCfg = Release|iPhoneSimulator
		{bf199c6a-ed9a-4bb5-92ff-f5f37ced8677}.Release|iPhone.ActiveCfg = Release|iPhoneSimulator
		{bf199c6a-ed9a-4bb5-92ff-f5f37ced8677}.Release|iPhone.Build.0 = Release|iPhoneSimulator
		{bf199c6a-ed9a-4bb5-92ff-f5f37ced8677}.Release|iPhoneSimulator.ActiveCfg = Release|iPhoneSimulator
		{bf199c6a-ed9a-4bb5-92ff-f5f37ced8677}.Release|iPhoneSimulator.Build.0 = Release|iPhoneSimulator
		{bf199c6a-ed9a-4bb5-92ff-f5f37ced8677}.Release|x64.ActiveCfg = Release|iPhoneSimulator
		{bf199c6a-ed9a-4bb5-92ff-f5f37ced8677}.Release|x64.Build.0 = Release|iPhoneSimulator
		{bf199c6a-ed9a-4bb5-92ff-f5f37ced8677}.Release|x86.ActiveCfg = Release|iPhoneSimulator
		{bf199c6a-ed9a-4bb5-92ff-f5f37ced8677}.Release|x86.Build.0 = Release|iPhoneSimulator
	EndGlobalSection
	GlobalSection(SolutionProperties) = preSolution
		HideSolutionNode = FALSE
	EndGlobalSection
	GlobalSection(ExtensibilityGlobals) = postSolution
		SolutionGuid = {C7433AE2-B1A0-4C1A-887E-5CAA7AAF67A6}
	EndGlobalSection
EndGlobal
